
Microsoft Visual Studio Solution File, Format Version 12.00
# Visual Studio Version 16
VisualStudioVersion = 16.0.31005.135
MinimumVisualStudioVersion = 10.0.40219.1
Project("{9A19103F-16F7-4668-BE54-9A1E7A4F7556}") = "PackageValidator.Core", "PackageValidator.Core\PackageValidator.Core.csproj", "{27CFC5A0-15AA-4E2D-BB36-7CBA6EA2AA45}"
EndProject
Project("{9A19103F-16F7-4668-BE54-9A1E7A4F7556}") = "PackageValidator.Tests", "PackageValidator.Tests\PackageValidator.Tests.csproj", "{C013CA61-5659-4C77-9C0E-0CCF352EDD2D}"
EndProject
Project("{FAE04EC0-301F-11D3-BF4B-00C04F79EFBC}") = "PackageValidator", "PackageValidator\PackageValidator.csproj", "{2135D3EB-A71B-4FC8-9A0D-224FBA0FBFD3}"
EndProject
Project("{9A19103F-16F7-4668-BE54-9A1E7A4F7556}") = "PackageValidator.Api", "PackageValidator.Api\PackageValidator.Api.csproj", "{F00D8877-279F-4368-B131-9672402F762E}"
EndProject
Project("{FAE04EC0-301F-11D3-BF4B-00C04F79EFBC}") = "PackageValidator.Web", "PackageValidator.Web\PackageValidator.Web.csproj", "{18CEAECB-18C2-44A6-9BF6-F522C87BF5BD}"
EndProject
Global
	GlobalSection(SolutionConfigurationPlatforms) = preSolution
		Debug|Any CPU = Debug|Any CPU
		Release|Any CPU = Release|Any CPU
	EndGlobalSection
	GlobalSection(ProjectConfigurationPlatforms) = postSolution
		{27CFC5A0-15AA-4E2D-BB36-7CBA6EA2AA45}.Debug|Any CPU.ActiveCfg = Debug|Any CPU
		{27CFC5A0-15AA-4E2D-BB36-7CBA6EA2AA45}.Debug|Any CPU.Build.0 = Debug|Any CPU
		{27CFC5A0-15AA-4E2D-BB36-7CBA6EA2AA45}.Release|Any CPU.ActiveCfg = Release|Any CPU
		{27CFC5A0-15AA-4E2D-BB36-7CBA6EA2AA45}.Release|Any CPU.Build.0 = Release|Any CPU
		{C013CA61-5659-4C77-9C0E-0CCF352EDD2D}.Debug|Any CPU.ActiveCfg = Debug|Any CPU
		{C013CA61-5659-4C77-9C0E-0CCF352EDD2D}.Debug|Any CPU.Build.0 = Debug|Any CPU
		{C013CA61-5659-4C77-9C0E-0CCF352EDD2D}.Release|Any CPU.ActiveCfg = Release|Any CPU
		{C013CA61-5659-4C77-9C0E-0CCF352EDD2D}.Release|Any CPU.Build.0 = Release|Any CPU
		{2135D3EB-A71B-4FC8-9A0D-224FBA0FBFD3}.Debug|Any CPU.ActiveCfg = Debug|Any CPU
		{2135D3EB-A71B-4FC8-9A0D-224FBA0FBFD3}.Debug|Any CPU.Build.0 = Debug|Any CPU
		{2135D3EB-A71B-4FC8-9A0D-224FBA0FBFD3}.Release|Any CPU.ActiveCfg = Release|Any CPU
		{2135D3EB-A71B-4FC8-9A0D-224FBA0FBFD3}.Release|Any CPU.Build.0 = Release|Any CPU
		{F00D8877-279F-4368-B131-9672402F762E}.Debug|Any CPU.ActiveCfg = Debug|Any CPU
		{F00D8877-279F-4368-B131-9672402F762E}.Debug|Any CPU.Build.0 = Debug|Any CPU
		{F00D8877-279F-4368-B131-9672402F762E}.Release|Any CPU.ActiveCfg = Release|Any CPU
		{F00D8877-279F-4368-B131-9672402F762E}.Release|Any CPU.Build.0 = Release|Any CPU
		{18CEAECB-18C2-44A6-9BF6-F522C87BF5BD}.Debug|Any CPU.ActiveCfg = Debug|Any CPU
		{18CEAECB-18C2-44A6-9BF6-F522C87BF5BD}.Debug|Any CPU.Build.0 = Debug|Any CPU
		{18CEAECB-18C2-44A6-9BF6-F522C87BF5BD}.Release|Any CPU.ActiveCfg = Release|Any CPU
		{18CEAECB-18C2-44A6-9BF6-F522C87BF5BD}.Release|Any CPU.Build.0 = Release|Any CPU
	EndGlobalSection
	GlobalSection(SolutionProperties) = preSolution
		HideSolutionNode = FALSE
	EndGlobalSection
	GlobalSection(ExtensibilityGlobals) = postSolution
		SolutionGuid = {75E5EE91-750E-41B9-9873-99B56A3CE487}
	EndGlobalSection
EndGlobal
